
Microsoft Visual Studio Solution File, Format Version 12.00
# Visual Studio Version 17
VisualStudioVersion = 17.0.31903.59
MinimumVisualStudioVersion = 10.0.40219.1
Project("{2150E333-8FDC-42A3-9474-1A3956D46DE8}") = "src", "src", "{5100990B-C52D-45B2-9800-191FA377763C}"
EndProject
Project("{2150E333-8FDC-42A3-9474-1A3956D46DE8}") = "tests", "tests", "{C6739B4A-51BA-457C-9DAC-8CE2B4441520}"
EndProject
Project("{2150E333-8FDC-42A3-9474-1A3956D46DE8}") = "API", "API", "{9315071B-E5A3-4C73-99FA-6957C267AB73}"
EndProject
Project("{2150E333-8FDC-42A3-9474-1A3956D46DE8}") = "Core", "Core", "{9247961B-9235-4233-AE52-5FED84E1455C}"
EndProject
Project("{2150E333-8FDC-42A3-9474-1A3956D46DE8}") = "Infrastructure", "Infrastructure", "{AC7172FB-7B65-48C3-AB2E-1C20241DAE62}"
EndProject
Project("{2150E333-8FDC-42A3-9474-1A3956D46DE8}") = "UI", "UI", "{DB4F2F74-7E75-4D11-8716-52D2E3781774}"
EndProject
Project("{9A19103F-16F7-4668-BE54-9A1E7A4F7556}") = "HR.LeaveManagement.Domain", "HR.LeaveManagement.Domain\HR.LeaveManagement.Domain.csproj", "{F5C0860C-A20E-4379-9CD9-579A43150536}"
EndProject
Project("{9A19103F-16F7-4668-BE54-9A1E7A4F7556}") = "HR.LeaveManagement.Application", "HR.LeaveManagement.Application\HR.LeaveManagement.Application.csproj", "{37B7FE17-5F9C-4E7E-BF08-2B986E661459}"
EndProject
Project("{FAE04EC0-301F-11D3-BF4B-00C04F79EFBC}") = "HR.LeaveManagement.Infrastructure", "HR.LeaveManagement.Infrastructure\HR.LeaveManagement.Infrastructure.csproj", "{A039F117-DF5A-4056-8318-A5BEC1AE260C}"
EndProject
Project("{FAE04EC0-301F-11D3-BF4B-00C04F79EFBC}") = "HR.LeaveManagement.Persistence", "HR.LeaveManagement.Persistence\HR.LeaveManagement.Persistence.csproj", "{67461F07-A52B-4BED-B2E0-6DDCEDE94D30}"
EndProject
Global
	GlobalSection(SolutionConfigurationPlatforms) = preSolution
		Debug|Any CPU = Debug|Any CPU
		Release|Any CPU = Release|Any CPU
	EndGlobalSection
	GlobalSection(ProjectConfigurationPlatforms) = postSolution
		{F5C0860C-A20E-4379-9CD9-579A43150536}.Debug|Any CPU.ActiveCfg = Debug|Any CPU
		{F5C0860C-A20E-4379-9CD9-579A43150536}.Debug|Any CPU.Build.0 = Debug|Any CPU
		{F5C0860C-A20E-4379-9CD9-579A43150536}.Release|Any CPU.ActiveCfg = Release|Any CPU
		{F5C0860C-A20E-4379-9CD9-579A43150536}.Release|Any CPU.Build.0 = Release|Any CPU
		{37B7FE17-5F9C-4E7E-BF08-2B986E661459}.Debug|Any CPU.ActiveCfg = Debug|Any CPU
		{37B7FE17-5F9C-4E7E-BF08-2B986E661459}.Debug|Any CPU.Build.0 = Debug|Any CPU
		{37B7FE17-5F9C-4E7E-BF08-2B986E661459}.Release|Any CPU.ActiveCfg = Release|Any CPU
		{37B7FE17-5F9C-4E7E-BF08-2B986E661459}.Release|Any CPU.Build.0 = Release|Any CPU
		{A039F117-DF5A-4056-8318-A5BEC1AE260C}.Debug|Any CPU.ActiveCfg = Debug|Any CPU
		{A039F117-DF5A-4056-8318-A5BEC1AE260C}.Debug|Any CPU.Build.0 = Debug|Any CPU
		{A039F117-DF5A-4056-8318-A5BEC1AE260C}.Release|Any CPU.ActiveCfg = Release|Any CPU
		{A039F117-DF5A-4056-8318-A5BEC1AE260C}.Release|Any CPU.Build.0 = Release|Any CPU
		{67461F07-A52B-4BED-B2E0-6DDCEDE94D30}.Debug|Any CPU.ActiveCfg = Debug|Any CPU
		{67461F07-A52B-4BED-B2E0-6DDCEDE94D30}.Debug|Any CPU.Build.0 = Debug|Any CPU
		{67461F07-A52B-4BED-B2E0-6DDCEDE94D30}.Release|Any CPU.ActiveCfg = Release|Any CPU
		{67461F07-A52B-4BED-B2E0-6DDCEDE94D30}.Release|Any CPU.Build.0 = Release|Any CPU
	EndGlobalSection
	GlobalSection(SolutionProperties) = preSolution
		HideSolutionNode = FALSE
	EndGlobalSection
	GlobalSection(NestedProjects) = preSolution
		{9315071B-E5A3-4C73-99FA-6957C267AB73} = {5100990B-C52D-45B2-9800-191FA377763C}
		{9247961B-9235-4233-AE52-5FED84E1455C} = {5100990B-C52D-45B2-9800-191FA377763C}
		{AC7172FB-7B65-48C3-AB2E-1C20241DAE62} = {5100990B-C52D-45B2-9800-191FA377763C}
		{DB4F2F74-7E75-4D11-8716-52D2E3781774} = {5100990B-C52D-45B2-9800-191FA377763C}
		{F5C0860C-A20E-4379-9CD9-579A43150536} = {9247961B-9235-4233-AE52-5FED84E1455C}
		{37B7FE17-5F9C-4E7E-BF08-2B986E661459} = {9247961B-9235-4233-AE52-5FED84E1455C}
		{A039F117-DF5A-4056-8318-A5BEC1AE260C} = {AC7172FB-7B65-48C3-AB2E-1C20241DAE62}
		{67461F07-A52B-4BED-B2E0-6DDCEDE94D30} = {AC7172FB-7B65-48C3-AB2E-1C20241DAE62}
	EndGlobalSection
	GlobalSection(ExtensibilityGlobals) = postSolution
		SolutionGuid = {88850543-7030-42F8-BDA3-87BFCFED7304}
	EndGlobalSection
EndGlobal
